{
    "_readme": [
        "This file locks the dependencies of your project to a known state",
        "Read more about it at https://getcomposer.org/doc/01-basic-usage.md#composer-lock-the-lock-file",
        "This file is @generated automatically"
    ],
    "hash": "80ace23258b15d6adbac2aa5c39cc38a",
    "content-hash": "fc6737966b3cd6b4a71d65dc6024560b",
    "packages": [
        {
            "name": "jeremeamia/superclosure",
            "version": "2.4.0",
            "source": {
                "type": "git",
                "url": "https://github.com/jeremeamia/super_closure.git",
                "reference": "5707d5821b30b9a07acfb4d76949784aaa0e9ce9"
            },
            "dist": {
                "type": "zip",
                "url": "https://api.github.com/repos/jeremeamia/super_closure/zipball/5707d5821b30b9a07acfb4d76949784aaa0e9ce9",
                "reference": "5707d5821b30b9a07acfb4d76949784aaa0e9ce9",
                "shasum": ""
            },
            "require": {
                "nikic/php-parser": "^1.2|^2.0|^3.0|^4.0",
                "php": ">=5.4",
                "symfony/polyfill-php56": "^1.0"
            },
            "require-dev": {
                "phpunit/phpunit": "^4.0|^5.0"
            },
            "type": "library",
            "extra": {
                "branch-alias": {
                    "dev-master": "2.4-dev"
                }
            },
            "autoload": {
                "psr-4": {
                    "SuperClosure\\": "src/"
                }
            },
            "notification-url": "https://packagist.org/downloads/",
            "license": [
                "MIT"
            ],
            "authors": [
                {
                    "name": "Jeremy Lindblom",
                    "email": "jeremeamia@gmail.com",
                    "homepage": "https://github.com/jeremeamia",
                    "role": "Developer"
                }
            ],
            "description": "Serialize Closure objects, including their context and binding",
            "homepage": "https://github.com/jeremeamia/super_closure",
            "keywords": [
                "closure",
                "function",
                "lambda",
                "parser",
                "serializable",
                "serialize",
                "tokenizer"
            ],
            "abandoned": "opis/closure",
            "time": "2018-03-21 22:21:57"
        },
        {
            "name": "nikic/php-parser",
            "version": "v4.5.0",
            "source": {
                "type": "git",
                "url": "https://github.com/nikic/PHP-Parser.git",
                "reference": "53c2753d756f5adb586dca79c2ec0e2654dd9463"
            },
            "dist": {
                "type": "zip",
                "url": "https://api.github.com/repos/nikic/PHP-Parser/zipball/53c2753d756f5adb586dca79c2ec0e2654dd9463",
                "reference": "53c2753d756f5adb586dca79c2ec0e2654dd9463",
                "shasum": ""
            },
            "require": {
                "ext-tokenizer": "*",
                "php": ">=7.0"
            },
            "require-dev": {
                "ircmaxell/php-yacc": "0.0.5",
                "phpunit/phpunit": "^6.5 || ^7.0 || ^8.0"
            },
            "bin": [
                "bin/php-parse"
            ],
            "type": "library",
            "extra": {
                "branch-alias": {
                    "dev-master": "4.3-dev"
                }
            },
            "autoload": {
                "psr-4": {
                    "PhpParser\\": "lib/PhpParser"
                }
            },
            "notification-url": "https://packagist.org/downloads/",
            "license": [
                "BSD-3-Clause"
            ],
            "authors": [
                {
                    "name": "Nikita Popov"
                }
            ],
            "description": "A PHP parser written in PHP",
            "keywords": [
                "parser",
                "php"
            ],
            "time": "2020-06-03 07:24:19"
        },
        {
            "name": "php-di/invoker",
            "version": "2.0.0",
            "source": {
                "type": "git",
                "url": "https://github.com/PHP-DI/Invoker.git",
                "reference": "540c27c86f663e20fe39a24cd72fa76cdb21d41a"
            },
            "dist": {
                "type": "zip",
                "url": "https://api.github.com/repos/PHP-DI/Invoker/zipball/540c27c86f663e20fe39a24cd72fa76cdb21d41a",
                "reference": "540c27c86f663e20fe39a24cd72fa76cdb21d41a",
                "shasum": ""
            },
            "require": {
                "psr/container": "~1.0"
            },
            "require-dev": {
                "athletic/athletic": "~0.1.8",
                "phpunit/phpunit": "~4.5"
            },
            "type": "library",
            "autoload": {
                "psr-4": {
                    "Invoker\\": "src/"
                }
            },
            "notification-url": "https://packagist.org/downloads/",
            "license": [
                "MIT"
            ],
            "description": "Generic and extensible callable invoker",
            "homepage": "https://github.com/PHP-DI/Invoker",
            "keywords": [
                "callable",
                "dependency",
                "dependency-injection",
                "injection",
                "invoke",
                "invoker"
            ],
            "time": "2017-03-20 19:28:22"
        },
        {
            "name": "php-di/php-di",
            "version": "6.1.0",
            "source": {
                "type": "git",
                "url": "https://github.com/PHP-DI/PHP-DI.git",
                "reference": "69238bd49acc0eb6a967029311eeadc3f7c5d538"
            },
            "dist": {
                "type": "zip",
                "url": "https://api.github.com/repos/PHP-DI/PHP-DI/zipball/69238bd49acc0eb6a967029311eeadc3f7c5d538",
                "reference": "69238bd49acc0eb6a967029311eeadc3f7c5d538",
                "shasum": ""
            },
            "require": {
                "jeremeamia/superclosure": "^2.0",
                "nikic/php-parser": "^2.0|^3.0|^4.0",
                "php": ">=7.2.0",
                "php-di/invoker": "^2.0",
                "php-di/phpdoc-reader": "^2.0.1",
                "psr/container": "^1.0"
            },
            "provide": {
                "psr/container-implementation": "^1.0"
            },
            "require-dev": {
                "doctrine/annotations": "~1.2",
                "friendsofphp/php-cs-fixer": "^2.4",
                "mnapoli/phpunit-easymock": "^1.2",
                "ocramius/proxy-manager": "~2.0.2",
                "phpstan/phpstan": "^0.12",
                "phpunit/phpunit": "^8.5"
            },
            "suggest": {
                "doctrine/annotations": "Install it if you want to use annotations (version ~1.2)",
                "ocramius/proxy-manager": "Install it if you want to use lazy injection (version ~2.0)"
            },
            "type": "library",
            "autoload": {
                "psr-4": {
                    "DI\\": "src/"
                },
                "files": [
                    "src/functions.php"
                ]
            },
            "notification-url": "https://packagist.org/downloads/",
            "license": [
                "MIT"
            ],
            "description": "The dependency injection container for humans",
            "homepage": "http://php-di.org/",
            "keywords": [
                "PSR-11",
                "container",
                "container-interop",
                "dependency injection",
                "di",
                "ioc",
                "psr11"
            ],
            "time": "2020-04-06 09:54:49"
        },
        {
            "name": "php-di/phpdoc-reader",
            "version": "2.1.1",
            "source": {
                "type": "git",
                "url": "https://github.com/PHP-DI/PhpDocReader.git",
                "reference": "15678f7451c020226807f520efb867ad26fbbfcf"
            },
            "dist": {
                "type": "zip",
                "url": "https://api.github.com/repos/PHP-DI/PhpDocReader/zipball/15678f7451c020226807f520efb867ad26fbbfcf",
                "reference": "15678f7451c020226807f520efb867ad26fbbfcf",
                "shasum": ""
            },
            "require": {
                "php": ">=5.4.0"
            },
            "require-dev": {
                "phpunit/phpunit": "~4.6"
            },
            "type": "library",
            "autoload": {
                "psr-4": {
                    "PhpDocReader\\": "src/PhpDocReader"
                }
            },
            "notification-url": "https://packagist.org/downloads/",
            "license": [
                "MIT"
            ],
            "description": "PhpDocReader parses @var and @param values in PHP docblocks (supports namespaced class names with the same resolution rules as PHP)",
            "keywords": [
                "phpdoc",
                "reflection"
            ],
            "time": "2019-09-26 11:24:58"
        },
        {
            "name": "psr/container",
            "version": "1.0.0",
            "source": {
                "type": "git",
                "url": "https://github.com/php-fig/container.git",
                "reference": "b7ce3b176482dbbc1245ebf52b181af44c2cf55f"
            },
            "dist": {
                "type": "zip",
                "url": "https://api.github.com/repos/php-fig/container/zipball/b7ce3b176482dbbc1245ebf52b181af44c2cf55f",
                "reference": "b7ce3b176482dbbc1245ebf52b181af44c2cf55f",
                "shasum": ""
            },
            "require": {
                "php": ">=5.3.0"
            },
            "type": "library",
            "extra": {
                "branch-alias": {
                    "dev-master": "1.0.x-dev"
                }
            },
            "autoload": {
                "psr-4": {
                    "Psr\\Container\\": "src/"
                }
            },
            "notification-url": "https://packagist.org/downloads/",
            "license": [
                "MIT"
            ],
            "authors": [
                {
                    "name": "PHP-FIG",
                    "homepage": "http://www.php-fig.org/"
                }
            ],
            "description": "Common Container Interface (PHP FIG PSR-11)",
            "homepage": "https://github.com/php-fig/container",
            "keywords": [
                "PSR-11",
                "container",
                "container-interface",
                "container-interop",
                "psr"
            ],
            "time": "2017-02-14 16:28:37"
        },
        {
            "name": "symfony/polyfill-php56",
            "version": "v1.17.0",
            "source": {
                "type": "git",
                "url": "https://github.com/symfony/polyfill-php56.git",
                "reference": "e3c8c138280cdfe4b81488441555583aa1984e23"
            },
            "dist": {
                "type": "zip",
                "url": "https://api.github.com/repos/symfony/polyfill-php56/zipball/e3c8c138280cdfe4b81488441555583aa1984e23",
                "reference": "e3c8c138280cdfe4b81488441555583aa1984e23",
                "shasum": ""
            },
            "require": {
                "php": ">=5.3.3",
                "symfony/polyfill-util": "~1.0"
            },
            "type": "library",
            "extra": {
                "branch-alias": {
                    "dev-master": "1.17-dev"
                }
            },
            "autoload": {
                "psr-4": {
                    "Symfony\\Polyfill\\Php56\\": ""
                },
                "files": [
                    "bootstrap.php"
                ]
            },
            "notification-url": "https://packagist.org/downloads/",
            "license": [
                "MIT"
            ],
            "authors": [
                {
                    "name": "Nicolas Grekas",
                    "email": "p@tchwork.com"
                },
                {
                    "name": "Symfony Community",
                    "homepage": "https://symfony.com/contributors"
                }
            ],
            "description": "Symfony polyfill backporting some PHP 5.6+ features to lower PHP versions",
            "homepage": "https://symfony.com",
            "keywords": [
                "compatibility",
                "polyfill",
                "portable",
                "shim"
            ],
            "time": "2020-05-12 16:47:27"
        },
        {
            "name": "symfony/polyfill-util",
            "version": "v1.17.0",
            "source": {
                "type": "git",
                "url": "https://github.com/symfony/polyfill-util.git",
                "reference": "4afb4110fc037752cf0ce9869f9ab8162c4e20d7"
            },
            "dist": {
                "type": "zip",
                "url": "https://api.github.com/repos/symfony/polyfill-util/zipball/4afb4110fc037752cf0ce9869f9ab8162c4e20d7",
                "reference": "4afb4110fc037752cf0ce9869f9ab8162c4e20d7",
                "shasum": ""
            },
            "require": {
                "php": ">=5.3.3"
            },
            "type": "library",
            "extra": {
                "branch-alias": {
                    "dev-master": "1.17-dev"
                }
            },
            "autoload": {
                "psr-4": {
                    "Symfony\\Polyfill\\Util\\": ""
                }
            },
            "notification-url": "https://packagist.org/downloads/",
            "license": [
                "MIT"
            ],
            "authors": [
                {
                    "name": "Nicolas Grekas",
                    "email": "p@tchwork.com"
                },
                {
                    "name": "Symfony Community",
                    "homepage": "https://symfony.com/contributors"
                }
            ],
            "description": "Symfony utilities for portability of PHP codes",
            "homepage": "https://symfony.com",
            "keywords": [
                "compat",
                "compatibility",
                "polyfill",
                "shim"
            ],
            "time": "2020-05-12 16:14:59"
        }
    ],
    "packages-dev": [
        {
            "name": "phpstan/phpstan",
            "version": "0.12.25",
            "source": {
                "type": "git",
                "url": "https://github.com/phpstan/phpstan.git",
                "reference": "9619551d68b2d4c0d681a8df73f3c847c798ee64"
            },
            "dist": {
                "type": "zip",
                "url": "https://api.github.com/repos/phpstan/phpstan/zipball/9619551d68b2d4c0d681a8df73f3c847c798ee64",
                "reference": "9619551d68b2d4c0d681a8df73f3c847c798ee64",
                "shasum": ""
            },
            "require": {
                "php": "^7.1"
            },
            "conflict": {
                "phpstan/phpstan-shim": "*"
            },
            "bin": [
                "phpstan",
                "phpstan.phar"
            ],
            "type": "library",
            "extra": {
                "branch-alias": {
                    "dev-master": "0.12-dev"
                }
            },
            "autoload": {
                "files": [
                    "bootstrap.php"
                ]
            },
            "notification-url": "https://packagist.org/downloads/",
            "license": [
                "MIT"
            ],
            "description": "PHPStan - PHP Static Analysis Tool",
            "time": "2020-05-10 20:36:16"
        }
    ],
    "aliases": [],
    "minimum-stability": "alpha",
    "stability-flags": [],
    "prefer-stable": false,
    "prefer-lowest": false,
    "platform": {
        "ext-gd": "^7.2",
        "php": "7.2.*"
    },
    "platform-dev": []
}
